// !$*UTF8*$!
{
	archiveVersion = 1;
	classes = {
	};
	objectVersion = 46;
	objects = {

/* Begin PBXBuildFile section */
		036F4EB01D076C8D0071A235 /* AppDelegate.swift in Sources */ = {isa = PBXBuildFile; fileRef = 036F4EAF1D076C8D0071A235 /* AppDelegate.swift */; };
		036F4EB21D076C8D0071A235 /* ViewController.swift in Sources */ = {isa = PBXBuildFile; fileRef = 036F4EB11D076C8D0071A235 /* ViewController.swift */; };
		036F4EB51D076C8D0071A235 /* Main.storyboard in Resources */ = {isa = PBXBuildFile; fileRef = 036F4EB31D076C8D0071A235 /* Main.storyboard */; };
		036F4EB71D076C8D0071A235 /* Assets.xcassets in Resources */ = {isa = PBXBuildFile; fileRef = 036F4EB61D076C8D0071A235 /* Assets.xcassets */; };
		036F4EBA1D076C8D0071A235 /* LaunchScreen.storyboard in Resources */ = {isa = PBXBuildFile; fileRef = 036F4EB81D076C8D0071A235 /* LaunchScreen.storyboard */; };
		03D16D521D17F6AB007AB02E /* Person.swift in Sources */ = {isa = PBXBuildFile; fileRef = 03D16D511D17F6AB007AB02E /* Person.swift */; };
		03D16D541D17F783007AB02E /* FaceService.swift in Sources */ = {isa = PBXBuildFile; fileRef = 03D16D531D17F783007AB02E /* FaceService.swift */; };
		03D97B7D1D09A9F200334E10 /* PersonCell.swift in Sources */ = {isa = PBXBuildFile; fileRef = 03D97B7C1D09A9F200334E10 /* PersonCell.swift */; };
		C98997489EEB3482504A9CE6 /* Pods_Missing.framework in Frameworks */ = {isa = PBXBuildFile; fileRef = 6E9D2D5205E6F884A407CF73 /* Pods_Missing.framework */; };
/* End PBXBuildFile section */

/* Begin PBXFileReference section */
		036F4EAC1D076C8D0071A235 /* Missing.app */ = {isa = PBXFileReference; explicitFileType = wrapper.application; includeInIndex = 0; path = Missing.app; sourceTree = BUILT_PRODUCTS_DIR; };
		036F4EAF1D076C8D0071A235 /* AppDelegate.swift */ = {isa = PBXFileReference; lastKnownFileType = sourcecode.swift; path = AppDelegate.swift; sourceTree = "<group>"; };
		036F4EB11D076C8D0071A235 /* ViewController.swift */ = {isa = PBXFileReference; lastKnownFileType = sourcecode.swift; path = ViewController.swift; sourceTree = "<group>"; };
		036F4EB41D076C8D0071A235 /* Base */ = {isa = PBXFileReference; lastKnownFileType = file.storyboard; name = Base; path = Base.lproj/Main.storyboard; sourceTree = "<group>"; };
		036F4EB61D076C8D0071A235 /* Assets.xcassets */ = {isa = PBXFileReference; lastKnownFileType = folder.assetcatalog; path = Assets.xcassets; sourceTree = "<group>"; };
		036F4EB91D076C8D0071A235 /* Base */ = {isa = PBXFileReference; lastKnownFileType = file.storyboard; name = Base; path = Base.lproj/LaunchScreen.storyboard; sourceTree = "<group>"; };
		036F4EBB1D076C8D0071A235 /* Info.plist */ = {isa = PBXFileReference; lastKnownFileType = text.plist.xml; path = Info.plist; sourceTree = "<group>"; };
		03D16D4E1D17F5C5007AB02E /* Missing-Bridging-Header.h */ = {isa = PBXFileReference; lastKnownFileType = sourcecode.c.h; path = "Missing-Bridging-Header.h"; sourceTree = "<group>"; };
		03D16D511D17F6AB007AB02E /* Person.swift */ = {isa = PBXFileReference; fileEncoding = 4; lastKnownFileType = sourcecode.swift; path = Person.swift; sourceTree = "<group>"; };
		03D16D531D17F783007AB02E /* FaceService.swift */ = {isa = PBXFileReference; fileEncoding = 4; lastKnownFileType = sourcecode.swift; path = FaceService.swift; sourceTree = "<group>"; };
		03D97B7C1D09A9F200334E10 /* PersonCell.swift */ = {isa = PBXFileReference; fileEncoding = 4; lastKnownFileType = sourcecode.swift; name = PersonCell.swift; path = ../PersonCell.swift; sourceTree = "<group>"; };
		38CB83F732C7EE4A43BA072E /* Pods-Missing.debug.xcconfig */ = {isa = PBXFileReference; includeInIndex = 1; lastKnownFileType = text.xcconfig; name = "Pods-Missing.debug.xcconfig"; path = "Pods/Target Support Files/Pods-Missing/Pods-Missing.debug.xcconfig"; sourceTree = "<group>"; };
		6E9D2D5205E6F884A407CF73 /* Pods_Missing.framework */ = {isa = PBXFileReference; explicitFileType = wrapper.framework; includeInIndex = 0; path = Pods_Missing.framework; sourceTree = BUILT_PRODUCTS_DIR; };
		E5547D50CA8DE28B62163E2C /* Pods-Missing.release.xcconfig */ = {isa = PBXFileReference; includeInIndex = 1; lastKnownFileType = text.xcconfig; name = "Pods-Missing.release.xcconfig"; path = "Pods/Target Support Files/Pods-Missing/Pods-Missing.release.xcconfig"; sourceTree = "<group>"; };
/* End PBXFileReference section */

/* Begin PBXFrameworksBuildPhase section */
		036F4EA91D076C8D0071A235 /* Frameworks */ = {
			isa = PBXFrameworksBuildPhase;
			buildActionMask = 2147483647;
			files = (
				C98997489EEB3482504A9CE6 /* Pods_Missing.framework in Frameworks */,
			);
			runOnlyForDeploymentPostprocessing = 0;
		};
/* End PBXFrameworksBuildPhase section */

/* Begin PBXGroup section */
		036F4EA31D076C8D0071A235 = {
			isa = PBXGroup;
			children = (
				036F4EAE1D076C8D0071A235 /* Missing */,
				036F4EAD1D076C8D0071A235 /* Products */,
				C57CFA0783EA7906D561860B /* Pods */,
				31F93AB832123F858BAD4D1A /* Frameworks */,
			);
			sourceTree = "<group>";
		};
		036F4EAD1D076C8D0071A235 /* Products */ = {
			isa = PBXGroup;
			children = (
				036F4EAC1D076C8D0071A235 /* Missing.app */,
			);
			name = Products;
			sourceTree = "<group>";
		};
		036F4EAE1D076C8D0071A235 /* Missing */ = {
			isa = PBXGroup;
			children = (
				036F4EAF1D076C8D0071A235 /* AppDelegate.swift */,
				03D97B7C1D09A9F200334E10 /* PersonCell.swift */,
				036F4EB11D076C8D0071A235 /* ViewController.swift */,
				036F4EB31D076C8D0071A235 /* Main.storyboard */,
				036F4EB61D076C8D0071A235 /* Assets.xcassets */,
				036F4EB81D076C8D0071A235 /* LaunchScreen.storyboard */,
				036F4EBB1D076C8D0071A235 /* Info.plist */,
				03D16D4E1D17F5C5007AB02E /* Missing-Bridging-Header.h */,
				03D16D511D17F6AB007AB02E /* Person.swift */,
				03D16D531D17F783007AB02E /* FaceService.swift */,
			);
			path = Missing;
			sourceTree = "<group>";
		};
		31F93AB832123F858BAD4D1A /* Frameworks */ = {
			isa = PBXGroup;
			children = (
				6E9D2D5205E6F884A407CF73 /* Pods_Missing.framework */,
			);
			name = Frameworks;
			sourceTree = "<group>";
		};
		C57CFA0783EA7906D561860B /* Pods */ = {
			isa = PBXGroup;
			children = (
				38CB83F732C7EE4A43BA072E /* Pods-Missing.debug.xcconfig */,
				E5547D50CA8DE28B62163E2C /* Pods-Missing.release.xcconfig */,
			);
			name = Pods;
			sourceTree = "<group>";
		};
/* End PBXGroup section */

/* Begin PBXNativeTarget section */
		036F4EAB1D076C8D0071A235 /* Missing */ = {
			isa = PBXNativeTarget;
			buildConfigurationList = 036F4EBE1D076C8D0071A235 /* Build configuration list for PBXNativeTarget "Missing" */;
			buildPhases = (
				034532DB401A3B19DAE2B206 /* [CP] Check Pods Manifest.lock */,
				036F4EA81D076C8D0071A235 /* Sources */,
				036F4EA91D076C8D0071A235 /* Frameworks */,
				036F4EAA1D076C8D0071A235 /* Resources */,
				51650206119E6ECE46739B91 /* [CP] Embed Pods Frameworks */,
				C522FFBE3F0780D0724B6FDC /* [CP] Copy Pods Resources */,
			);
			buildRules = (
			);
			dependencies = (
			);
			name = Missing;
			productName = Missing;
			productReference = 036F4EAC1D076C8D0071A235 /* Missing.app */;
			productType = "com.apple.product-type.application";
		};
/* End PBXNativeTarget section */

/* Begin PBXProject section */
		036F4EA41D076C8D0071A235 /* Project object */ = {
			isa = PBXProject;
			attributes = {
				LastSwiftUpdateCheck = 0730;
				LastUpgradeCheck = 0730;
				ORGANIZATIONNAME = maslor;
				TargetAttributes = {
					036F4EAB1D076C8D0071A235 = {
						CreatedOnToolsVersion = 7.3.1;
						DevelopmentTeam = 99FWSBF8EN;
					};
				};
			};
			buildConfigurationList = 036F4EA71D076C8D0071A235 /* Build configuration list for PBXProject "Missing" */;
			compatibilityVersion = "Xcode 3.2";
			developmentRegion = English;
			hasScannedForEncodings = 0;
			knownRegions = (
				en,
				Base,
			);
			mainGroup = 036F4EA31D076C8D0071A235;
			productRefGroup = 036F4EAD1D076C8D0071A235 /* Products */;
			projectDirPath = "";
			projectRoot = "";
			targets = (
				036F4EAB1D076C8D0071A235 /* Missing */,
			);
		};
/* End PBXProject section */

/* Begin PBXResourcesBuildPhase section */
		036F4EAA1D076C8D0071A235 /* Resources */ = {
			isa = PBXResourcesBuildPhase;
			buildActionMask = 2147483647;
			files = (
				036F4EBA1D076C8D0071A235 /* LaunchScreen.storyboard in Resources */,
				036F4EB71D076C8D0071A235 /* Assets.xcassets in Resources */,
				036F4EB51D076C8D0071A235 /* Main.storyboard in Resources */,
			);
			runOnlyForDeploymentPostprocessing = 0;
		};
/* End PBXResourcesBuildPhase section */

/* Begin PBXShellScriptBuildPhase section */
		034532DB401A3B19DAE2B206 /* [CP] Check Pods Manifest.lock */ = {
			isa = PBXShellScriptBuildPhase;
			buildActionMask = 2147483647;
			files = (
			);
			inputPaths = (
			);
			name = "[CP] Check Pods Manifest.lock";
			outputPaths = (
			);
			runOnlyForDeploymentPostprocessing = 0;
			shellPath = /bin/sh;
			shellScript = "diff \"${PODS_ROOT}/../Podfile.lock\" \"${PODS_ROOT}/Manifest.lock\" > /dev/null\nif [[ $? != 0 ]] ; then\n    cat << EOM\nerror: The sandbox is not in sync with the Podfile.lock. Run 'pod install' or update your CocoaPods installation.\nEOM\n    exit 1\nfi\n";
			showEnvVarsInLog = 0;
		};
		51650206119E6ECE46739B91 /* [CP] Embed Pods Frameworks */ = {
			isa = PBXShellScriptBuildPhase;
			buildActionMask = 2147483647;
			files = (
			);
			inputPaths = (
			);
			name = "[CP] Embed Pods Frameworks";
			outputPaths = (
			);
			runOnlyForDeploymentPostprocessing = 0;
			shellPath = /bin/sh;
			shellScript = "\"${SRCROOT}/Pods/Target Support Files/Pods-Missing/Pods-Missing-frameworks.sh\"\n";
			showEnvVarsInLog = 0;
		};
		C522FFBE3F0780D0724B6FDC /* [CP] Copy Pods Resources */ = {
			isa = PBXShellScriptBuildPhase;
			buildActionMask = 2147483647;
			files = (
			);
			inputPaths = (
			);
			name = "[CP] Copy Pods Resources";
			outputPaths = (
			);
			runOnlyForDeploymentPostprocessing = 0;
			shellPath = /bin/sh;
			shellScript = "\"${SRCROOT}/Pods/Target Support Files/Pods-Missing/Pods-Missing-resources.sh\"\n";
			showEnvVarsInLog = 0;
		};
/* End PBXShellScriptBuildPhase section */

/* Begin PBXSourcesBuildPhase section */
		036F4EA81D076C8D0071A235 /* Sources */ = {
			isa = PBXSourcesBuildPhase;
			buildActionMask = 2147483647;
			files = (
				03D16D541D17F783007AB02E /* FaceService.swift in Sources */,
				03D97B7D1D09A9F200334E10 /* PersonCell.swift in Sources */,
				036F4EB21D076C8D0071A235 /* ViewController.swift in Sources */,
				03D16D521D17F6AB007AB02E /* Person.swift in Sources */,
				036F4EB01D076C8D0071A235 /* AppDelegate.swift in Sources */,
			);
			runOnlyForDeploymentPostprocessing = 0;
		};
/* End PBXSourcesBuildPhase section */

/* Begin PBXVariantGroup section */
		036F4EB31D076C8D0071A235 /* Main.storyboard */ = {
			isa = PBXVariantGroup;
			children = (
				036F4EB41D076C8D0071A235 /* Base */,
			);
			name = Main.storyboard;
			sourceTree = "<group>";
		};
		036F4EB81D076C8D0071A235 /* LaunchScreen.storyboard */ = {
			isa = PBXVariantGroup;
			children = (
				036F4EB91D076C8D0071A235 /* Base */,
			);
			name = LaunchScreen.storyboard;
			sourceTree = "<group>";
		};
/* End PBXVariantGroup section */

/* Begin XCBuildConfiguration section */
		036F4EBC1D076C8D0071A235 /* Debug */ = {
			isa = XCBuildConfiguration;
			buildSettings = {
				ALWAYS_SEARCH_USER_PATHS = NO;
				CLANG_ANALYZER_NONNULL = YES;
				CLANG_CXX_LANGUAGE_STANDARD = "gnu++0x";
				CLANG_CXX_LIBRARY = "libc++";
				CLANG_ENABLE_MODULES = YES;
				CLANG_ENABLE_OBJC_ARC = YES;
				CLANG_WARN_BOOL_CONVERSION = YES;
				CLANG_WARN_CONSTANT_CONVERSION = YES;
				CLANG_WARN_DIRECT_OBJC_ISA_USAGE = YES_ERROR;
				CLANG_WARN_EMPTY_BODY = YES;
				CLANG_WARN_ENUM_CONVERSION = YES;
				CLANG_WARN_INT_CONVERSION = YES;
				CLANG_WARN_OBJC_ROOT_CLASS = YES_ERROR;
				CLANG_WARN_UNREACHABLE_CODE = YES;
				CLANG_WARN__DUPLICATE_METHOD_MATCH = YES;
				"CODE_SIGN_IDENTITY[sdk=iphoneos*]" = "iPhone Developer";
				COPY_PHASE_STRIP = NO;
				DEBUG_INFORMATION_FORMAT = dwarf;
				ENABLE_STRICT_OBJC_MSGSEND = YES;
				ENABLE_TESTABILITY = YES;
				GCC_C_LANGUAGE_STANDARD = gnu99;
				GCC_DYNAMIC_NO_PIC = NO;
				GCC_NO_COMMON_BLOCKS = YES;
				GCC_OPTIMIZATION_LEVEL = 0;
				GCC_PREPROCESSOR_DEFINITIONS = (
					"DEBUG=1",
					"$(inherited)",
				);
				GCC_WARN_64_TO_32_BIT_CONVERSION = YES;
				GCC_WARN_ABOUT_RETURN_TYPE = YES_ERROR;
				GCC_WARN_UNDECLARED_SELECTOR = YES;
				GCC_WARN_UNINITIALIZED_AUTOS = YES_AGGRESSIVE;
				GCC_WARN_UNUSED_FUNCTION = YES;
				GCC_WARN_UNUSED_VARIABLE = YES;
				IPHONEOS_DEPLOYMENT_TARGET = 9.3;
				MTL_ENABLE_DEBUG_INFO = YES;
				ONLY_ACTIVE_ARCH = YES;
				SDKROOT = iphoneos;
				SWIFT_OPTIMIZATION_LEVEL = "-Onone";
			};
			name = Debug;
		};
		036F4EBD1D076C8D0071A235 /* Release */ = {
			isa = XCBuildConfiguration;
			buildSettings = {
				ALWAYS_SEARCH_USER_PATHS = NO;
				CLANG_ANALYZER_NONNULL = YES;
				CLANG_CXX_LANGUAGE_STANDARD = "gnu++0x";
				CLANG_CXX_LIBRARY = "libc++";
				CLANG_ENABLE_MODULES = YES;
				CLANG_ENABLE_OBJC_ARC = YES;
				CLANG_WARN_BOOL_CONVERSION = YES;
				CLANG_WARN_CONSTANT_CONVERSION = YES;
				CLANG_WARN_DIRECT_OBJC_ISA_USAGE = YES_ERROR;
				CLANG_WARN_EMPTY_BODY = YES;
				CLANG_WARN_ENUM_CONVERSION = YES;
				CLANG_WARN_INT_CONVERSION = YES;
				CLANG_WARN_OBJC_ROOT_CLASS = YES_ERROR;
				CLANG_WARN_UNREACHABLE_CODE = YES;
				CLANG_WARN__DUPLICATE_METHOD_MATCH = YES;
				"CODE_SIGN_IDENTITY[sdk=iphoneos*]" = "iPhone Developer";
				COPY_PHASE_STRIP = NO;
				DEBUG_INFORMATION_FORMAT = "dwarf-with-dsym";
				ENABLE_NS_ASSERTIONS = NO;
				ENABLE_STRICT_OBJC_MSGSEND = YES;
				GCC_C_LANGUAGE_STANDARD = gnu99;
				GCC_NO_COMMON_BLOCKS = YES;
				GCC_WARN_64_TO_32_BIT_CONVERSION = YES;
				GCC_WARN_ABOUT_RETURN_TYPE = YES_ERROR;
				GCC_WARN_UNDECLARED_SELECTOR = YES;
				GCC_WARN_UNINITIALIZED_AUTOS = YES_AGGRESSIVE;
				GCC_WARN_UNUSED_FUNCTION = YES;
				GCC_WARN_UNUSED_VARIABLE = YES;
				IPHONEOS_DEPLOYMENT_TARGET = 9.3;
				MTL_ENABLE_DEBUG_INFO = NO;
				SDKROOT = iphoneos;
				VALIDATE_PRODUCT = YES;
			};
			name = Release;
		};
		036F4EBF1D076C8D0071A235 /* Debug */ = {
			isa = XCBuildConfiguration;
			baseConfigurationReference = 38CB83F732C7EE4A43BA072E /* Pods-Missing.debug.xcconfig */;
			buildSettings = {
				ASSETCATALOG_COMPILER_APPICON_NAME = AppIcon;
				CLANG_ENABLE_MODULES = YES;
				INFOPLIST_FILE = Missing/Info.plist;
				LD_RUNPATH_SEARCH_PATHS = "$(inherited) @executable_path/Frameworks";
				PRODUCT_BUNDLE_IDENTIFIER = com.maslor.Missing;
				PRODUCT_NAME = "$(TARGET_NAME)";
				SWIFT_OBJC_BRIDGING_HEADER = "Missing/Missing-Bridging-Header.h";
				SWIFT_OPTIMIZATION_LEVEL = "-Onone";
				SWIFT_VERSION = 2.3;
			};
			name = Debug;
		};
		036F4EC01D076C8D0071A235 /* Release */ = {
			isa = XCBuildConfiguration;
			baseConfigurationReference = E5547D50CA8DE28B62163E2C /* Pods-Missing.release.xcconfig */;
			buildSettings = {
				ASSETCATALOG_COMPILER_APPICON_NAME = AppIcon;
				CLANG_ENABLE_MODULES = YES;
				INFOPLIST_FILE = Missing/Info.plist;
				LD_RUNPATH_SEARCH_PATHS = "$(inherited) @executable_path/Frameworks";
				PRODUCT_BUNDLE_IDENTIFIER = com.maslor.Missing;
				PRODUCT_NAME = "$(TARGET_NAME)";
				SWIFT_OBJC_BRIDGING_HEADER = "Missing/Missing-Bridging-Header.h";
				SWIFT_VERSION = 2.3;
			};
			name = Release;
		};
/* End XCBuildConfiguration section */

/* Begin XCConfigurationList section */
		036F4EA71D076C8D0071A235 /* Build configuration list for PBXProject "Missing" */ = {
			isa = XCConfigurationList;
			buildConfigurations = (
				036F4EBC1D076C8D0071A235 /* Debug */,
				036F4EBD1D076C8D0071A235 /* Release */,
			);
			defaultConfigurationIsVisible = 0;
			defaultConfigurationName = Release;
		};
		036F4EBE1D076C8D0071A235 /* Build configuration list for PBXNativeTarget "Missing" */ = {
			isa = XCConfigurationList;
			buildConfigurations = (
				036F4EBF1D076C8D0071A235 /* Debug */,
				036F4EC01D076C8D0071A235 /* Release */,
			);
			defaultConfigurationIsVisible = 0;
			defaultConfigurationName = Release;
		};
/* End XCConfigurationList section */
	};
	rootObject = 036F4EA41D076C8D0071A235 /* Project object */;
}
